{
  "version": 4,
  "terraform_version": "1.14.3",
  "serial": 9,
  "lineage": "e0d399c5-37cb-4664-9455-22f35583d750",
  "outputs": {
    "application_url": {
      "value": "http://aigen.local",
      "type": "string"
    },
    "backend_service_name": {
      "value": "aigen-service",
      "type": "string"
    },
    "cluster_host": {
      "value": "https://192.168.49.2:32771",
      "type": "string"
    },
    "cluster_name": {
      "value": "netflix",
      "type": "string"
    },
    "database_service_name": {
      "value": "postgres-service",
      "type": "string"
    },
    "ingress_host": {
      "value": "aigen.local",
      "type": "string"
    },
    "namespace": {
      "value": "aigen",
      "type": "string"
    }
  },
  "resources": [
    {
      "mode": "managed",
      "type": "kubernetes_config_map_v1",
      "name": "django_config",
      "provider": "provider[\"registry.terraform.io/hashicorp/kubernetes\"]",
      "instances": [
        {
          "schema_version": 0,
          "attributes": {
            "binary_data": null,
            "data": {
              "DJANGO_DEBUG": "False",
              "POSTGRES_DB": "dali_db",
              "POSTGRES_HOST": "postgres-service",
              "POSTGRES_PORT": "5432"
            },
            "id": "aigen/django-config",
            "immutable": false,
            "metadata": [
              {
                "annotations": null,
                "generate_name": "",
                "generation": 0,
                "labels": null,
                "name": "django-config",
                "namespace": "aigen",
                "resource_version": "275",
                "uid": "6be06743-105e-4b87-b002-6f043aac8a1d"
              }
            ]
          },
          "sensitive_attributes": [],
          "identity_schema_version": 1,
          "identity": {
            "api_version": "v1",
            "kind": "ConfigMap",
            "name": "django-config",
            "namespace": "aigen"
          },
          "private": "bnVsbA==",
          "dependencies": [
            "kubernetes_namespace_v1.aigen",
            "minikube_cluster.mycluster"
          ]
        }
      ]
    },
    {
      "mode": "managed",
      "type": "kubernetes_deployment_v1",
      "name": "aigen_backend",
      "provider": "provider[\"registry.terraform.io/hashicorp/kubernetes\"]",
      "instances": []
    },
    {
      "mode": "managed",
      "type": "kubernetes_namespace_v1",
      "name": "aigen",
      "provider": "provider[\"registry.terraform.io/hashicorp/kubernetes\"]",
      "instances": [
        {
          "schema_version": 0,
          "attributes": {
            "id": "aigen",
            "metadata": [
              {
                "annotations": null,
                "generate_name": "",
                "generation": 0,
                "labels": {
                  "environment": "dev",
                  "name": "aigen"
                },
                "name": "aigen",
                "resource_version": "273",
                "uid": "24f163a5-9153-4c18-ab13-20e5bfbce363"
              }
            ],
            "timeouts": null,
            "wait_for_default_service_account": false
          },
          "sensitive_attributes": [],
          "identity_schema_version": 1,
          "identity": {
            "api_version": "v1",
            "kind": "Namespace",
            "name": "aigen"
          },
          "private": "eyJlMmJmYjczMC1lY2FhLTExZTYtOGY4OC0zNDM2M2JjN2M0YzAiOnsiZGVsZXRlIjozMDAwMDAwMDAwMDB9fQ==",
          "dependencies": [
            "minikube_cluster.mycluster"
          ]
        }
      ]
    },
    {
      "mode": "managed",
      "type": "kubernetes_persistent_volume_claim_v1",
      "name": "postgres_pvc",
      "provider": "provider[\"registry.terraform.io/hashicorp/kubernetes\"]",
      "instances": [
        {
          "schema_version": 0,
          "attributes": {
            "id": "aigen/postgres-pvc",
            "metadata": [
              {
                "annotations": null,
                "generate_name": "",
                "generation": 0,
                "labels": {
                  "app": "postgres"
                },
                "name": "postgres-pvc",
                "namespace": "aigen",
                "resource_version": "417",
                "uid": "3851d5cb-2ddd-4f75-b49a-318264edc4a3"
              }
            ],
            "spec": [
              {
                "access_modes": [
                  "ReadWriteOnce"
                ],
                "resources": [
                  {
                    "limits": null,
                    "requests": {
                      "storage": "1Gi"
                    }
                  }
                ],
                "selector": [],
                "storage_class_name": "standard",
                "volume_mode": "Filesystem",
                "volume_name": "pvc-3851d5cb-2ddd-4f75-b49a-318264edc4a3"
              }
            ],
            "timeouts": null,
            "wait_until_bound": true
          },
          "sensitive_attributes": [],
          "identity_schema_version": 0,
          "private": "eyJlMmJmYjczMC1lY2FhLTExZTYtOGY4OC0zNDM2M2JjN2M0YzAiOnsiY3JlYXRlIjozMDAwMDAwMDAwMDB9fQ==",
          "dependencies": [
            "kubernetes_namespace_v1.aigen",
            "minikube_cluster.mycluster"
          ]
        }
      ]
    },
    {
      "mode": "managed",
      "type": "kubernetes_secret_v1",
      "name": "django_secret",
      "provider": "provider[\"registry.terraform.io/hashicorp/kubernetes\"]",
      "instances": [
        {
          "schema_version": 0,
          "attributes": {
            "binary_data": null,
            "binary_data_wo": null,
            "binary_data_wo_revision": null,
            "data": {
              "OPENAI_API_KEY": "c2stcHJvai1QU3lhMmREcHdoakppdXZnRGpOUmdlbldDNXNBdi0tb1FNaUQ3Qm5YaERNWFJmd3JBRVlwZjhmbVgzSGZZYjZNdnFmd1g4NF96c1QzQmxia0ZKZ190OGhFOVB4N3gzdnpFczBjc2FNVk1Wd1g0R2xGVXp1TS1veDM1MFN6UzNOUjhzdk8=",
              "POSTGRES_PASSWORD": "cXdlcnR5",
              "POSTGRES_USERNAME": "cG9zdGdyZXM="
            },
            "data_wo": null,
            "data_wo_revision": null,
            "id": "aigen/django-secret",
            "immutable": false,
            "metadata": [
              {
                "annotations": null,
                "generate_name": "",
                "generation": 0,
                "labels": null,
                "name": "django-secret",
                "namespace": "aigen",
                "resource_version": "276",
                "uid": "1e53fdfd-ec71-40ba-b1f3-db51e589e59f"
              }
            ],
            "timeouts": null,
            "type": "Opaque",
            "wait_for_service_account_token": true
          },
          "sensitive_attributes": [
            [
              {
                "type": "get_attr",
                "value": "binary_data"
              }
            ],
            [
              {
                "type": "get_attr",
                "value": "data"
              }
            ],
            [
              {
                "type": "get_attr",
                "value": "data"
              },
              {
                "type": "index",
                "value": {
                  "value": "OPENAI_API_KEY",
                  "type": "string"
                }
              }
            ],
            [
              {
                "type": "get_attr",
                "value": "data"
              },
              {
                "type": "index",
                "value": {
                  "value": "POSTGRES_PASSWORD",
                  "type": "string"
                }
              }
            ],
            [
              {
                "type": "get_attr",
                "value": "data"
              },
              {
                "type": "index",
                "value": {
                  "value": "POSTGRES_USERNAME",
                  "type": "string"
                }
              }
            ]
          ],
          "identity_schema_version": 1,
          "identity": {
            "api_version": "v1",
            "kind": "Secret",
            "name": "django-secret",
            "namespace": "aigen"
          },
          "private": "eyJlMmJmYjczMC1lY2FhLTExZTYtOGY4OC0zNDM2M2JjN2M0YzAiOnsiY3JlYXRlIjo2MDAwMDAwMDAwMH19",
          "dependencies": [
            "kubernetes_namespace_v1.aigen",
            "minikube_cluster.mycluster"
          ]
        }
      ]
    },
    {
      "mode": "managed",
      "type": "kubernetes_secret_v1",
      "name": "postgres_secret",
      "provider": "provider[\"registry.terraform.io/hashicorp/kubernetes\"]",
      "instances": [
        {
          "schema_version": 0,
          "attributes": {
            "binary_data": null,
            "binary_data_wo": null,
            "binary_data_wo_revision": null,
            "data": {
              "POSTGRES_DB": "ZGFsaV9kYg==",
              "POSTGRES_PASSWORD": "cXdlcnR5",
              "POSTGRES_USER": "cG9zdGdyZXM="
            },
            "data_wo": null,
            "data_wo_revision": null,
            "id": "aigen/postgres-secret",
            "immutable": false,
            "metadata": [
              {
                "annotations": null,
                "generate_name": "",
                "generation": 0,
                "labels": null,
                "name": "postgres-secret",
                "namespace": "aigen",
                "resource_version": "274",
                "uid": "dbb5af49-e83b-4e3d-847f-3c8151e53061"
              }
            ],
            "timeouts": null,
            "type": "Opaque",
            "wait_for_service_account_token": true
          },
          "sensitive_attributes": [
            [
              {
                "type": "get_attr",
                "value": "binary_data"
              }
            ],
            [
              {
                "type": "get_attr",
                "value": "data"
              }
            ],
            [
              {
                "type": "get_attr",
                "value": "data"
              },
              {
                "type": "index",
                "value": {
                  "value": "POSTGRES_PASSWORD",
                  "type": "string"
                }
              }
            ],
            [
              {
                "type": "get_attr",
                "value": "data"
              },
              {
                "type": "index",
                "value": {
                  "value": "POSTGRES_USER",
                  "type": "string"
                }
              }
            ]
          ],
          "identity_schema_version": 1,
          "identity": {
            "api_version": "v1",
            "kind": "Secret",
            "name": "postgres-secret",
            "namespace": "aigen"
          },
          "private": "eyJlMmJmYjczMC1lY2FhLTExZTYtOGY4OC0zNDM2M2JjN2M0YzAiOnsiY3JlYXRlIjo2MDAwMDAwMDAwMH19",
          "dependencies": [
            "kubernetes_namespace_v1.aigen",
            "minikube_cluster.mycluster"
          ]
        }
      ]
    },
    {
      "mode": "managed",
      "type": "kubernetes_secret_v1",
      "name": "tls_secret",
      "provider": "provider[\"registry.terraform.io/hashicorp/kubernetes\"]",
      "instances": [
        {
          "schema_version": 0,
          "attributes": {
            "binary_data": null,
            "binary_data_wo": null,
            "binary_data_wo_revision": null,
            "data": {
              "tls.crt": "LS0tLS1CRUdJTiBDRVJUSUZJQ0FURS0tLS0tCk1JSURMVENDQWhXZ0F3SUJBZ0lVQkpzcnA1VUlDanFzbFZNMTRKY0JNRVpkSTg4d0RRWUpLb1pJaHZjTkFRRUwKQlFBd0pqRVVNQklHQTFVRUF3d0xZV2xuWlc0dWJHOWpZV3d4RGpBTUJnTlZCQW9NQldGcFoyVnVNQjRYRFRJMgpNREV4TVRFNE1UTXpNbG9YRFRJM01ERXhNVEU0TVRNek1sb3dKakVVTUJJR0ExVUVBd3dMWVdsblpXNHViRzlqCllXd3hEakFNQmdOVkJBb01CV0ZwWjJWdU1JSUJJakFOQmdrcWhraUc5dzBCQVFFRkFBT0NBUThBTUlJQkNnS0MKQVFFQXJ6TjN2bEM5dVdqWExxeEZseVl6d0xXbnY2N3k1Qk1vSmZvdTVKRDNwbUZXOVhhbmgzeGs1T2lHcERUdQpJZzhjaFV6S3VBcHFBVWpYMTkxeU5la0JIV3REN3dTQWRLYU1rVCt3elZHclBrOVkyUloyREEvdEJJWG5pSWlWCmFrUlczTW5nN01jbXhSWXJMVG5HOTJHSHVZbGdFSEJTSjBSOHpwRkFSa09VdGhaYUtlaWMzaVMzdXdNMFN1VkQKQXo0c0o3L0dDY290WE5oS3FGTytPVFpiYzFrc0V5Q0pqc3E2aFhkSmNkV2twdlh0b3BaN0prODczejMvOFJ2MwpRc0psNThEbmttNkphbG83eERIOWZEWG53Mm9BbEhQZmV4Y1JQSU00TCtpU2hnSVJsRlR6RUF6R3JZb0QwM2NNCmJIVDdMa2RkWGVJaCtZc1M3RTFMS0dTeUx3SURBUUFCbzFNd1VUQWRCZ05WSFE0RUZnUVVkNkwybkVCdjd3bjAKcXB2aTNDbmJLM05DVXVvd0h3WURWUjBqQkJnd0ZvQVVkNkwybkVCdjd3bjBxcHZpM0NuYkszTkNVdW93RHdZRApWUjBUQVFIL0JBVXdBd0VCL3pBTkJna3Foa2lHOXcwQkFRc0ZBQU9DQVFFQUNUd2JucGdYZWcrT2ZRWXF3L1FVCnRvV2FjTmFBVURZZENlT00vVGd6RDY3bXNlSzNiWlNkNDAzVmgybVJKREh6K1pKZHE3T21zcXovZVhkUGF4V0MKd3ZaenB1ZXp4K2ZyWlllbFliSVdQbTZpL0FYZW1aa3p6ZjlEQWJUanJZSmcrUFBJSEp3TnRwM3QrYkpFaG42eApGZFZmUG1qViswMkJvTHdONUtvODEvbWZlRFpxNDJpaGdHaHpqUmpzK0JOTGt5cGZpZ3RURDhZNm9ya2JhcTlYCkU2R3NvUDh1b1ppRUwwRE5VNUNGRlpPbHc0UHRNWHZtNWprczA5bEpIMnR3aDZodXZYRVVCeHdPK004eFJJb3gKUGVYdklnNHpyNlVlUk0xYjhJdTlqckVjSGlncmxjQktoQzEyVXdpZjVTYzdRb0xmNWRhL0hEZzdKS1p0SXJuQgoxQT09Ci0tLS0tRU5EIENFUlRJRklDQVRFLS0tLS0K",
              "tls.key": "LS0tLS1CRUdJTiBQUklWQVRFIEtFWS0tLS0tCk1JSUV2Z0lCQURBTkJna3Foa2lHOXcwQkFRRUZBQVNDQktnd2dnU2tBZ0VBQW9JQkFRQ3ZNM2UrVUwyNWFOY3UKckVXWEpqUEF0YWUvcnZMa0V5Z2wraTdra1BlbVlWYjFkcWVIZkdUazZJYWtOTzRpRHh5RlRNcTRDbW9CU05mWAozWEkxNlFFZGEwUHZCSUIwcG95UlA3RE5VYXMrVDFqWkZuWU1EKzBFaGVlSWlKVnFSRmJjeWVEc3h5YkZGaXN0Ck9jYjNZWWU1aVdBUWNGSW5SSHpPa1VCR1E1UzJGbG9wNkp6ZUpMZTdBelJLNVVNRFBpd252OFlKeWkxYzJFcW8KVTc0NU5sdHpXU3dUSUltT3lycUZkMGx4MWFTbTllMmlsbnNtVHp2ZlBmL3hHL2RDd21YbndPZVNib2xxV2p2RQpNZjE4TmVmRGFnQ1VjOTk3RnhFOGd6Z3Y2SktHQWhHVVZQTVFETWF0aWdQVGR3eHNkUHN1UjExZDRpSDVpeExzClRVc29aTEl2QWdNQkFBRUNnZ0VBTWF6d0tNQVA2MEEwc3dFWmdpL013TGxBNVBLZjM5Y21yUTN3dWRINHhlNFgKaitXaXZxR2dvZDdrUGk3YnprQm1uODBVTlhhT2MrckplR1ZMZXNta0RVbGFxNnlsRjI0WnNSMVQ3Z05ZQUlUUwo5a3FPRWdGNS9LeFM1NzJDVCswc2k5R1p1c2tFenlEb0FSeStzMm10NkFkeGUzZTljM0RSeW1nWXgxTm1HUEpwCk9CbWEzdjJuZEJUeE16NEJOYUM0U093bXR0SWI2Y05aS1Y4bm1HZXNHZVNNYkdXKzBkYTBYMUpRNU40VDBEVVYKMWtzSFl4RHFTNWxVTmFFTDNBc2VSbHU2czdYd2F3WDkxZ0xGeE1LZ2JhWWM4MXVsNGdQVDJtRDNlb1BYKzNvTQovWGpVSWZCM0Z0Y2hYSWRwajJrVzBpRHBxVEZJK2Zmd0pOWjJQT3A2Y1FLQmdRRGdJTVVjNlFxeFJuTlkveVJHClp3b0cydllmaFpHR3h6NmFFRFRRU2VMS0pXSjJDK1VoUlBqWThHdnBBYlM1eFNGSmEyZEREN1BZeVRFTjlaeWQKT1VkVDczczd4dTFYWllhV2FrZVdsODZ5YUVlaStTUk9PZXdaNzg5VUJaZjZvOFVHc2M1cThkbng2QVNtc3pZagoyNGkzQWtCV3RIYnl0VmRoMVFFaFdZOTROUUtCZ1FESUhZdGtFS1hoZ25pVmNmUTY2ZTdubzluVVV4d0tQMUFVCjRSUUlUMGNwV2R1ZkhrTzJOeXd5NUhHOE05c0lSeUgwdzExdVNPcGtVYWR3ekZZSFIxby80WmgwY3BTZWJjWEcKVGlSU2tHb2MyMnFGSno4OUZVZHVQdFQ4Syt3WlFjc3ZVVFhxWFFNdFNIcmM4NXNzTXQrcno4Z20xOGM5Rzh1NwpEZ0R0WkQ3MVV3S0JnUUNvQThqZ01FN2tzQVIrWGQzcXJRbVdOQVMzZ3FDaVliQ3JPNlRyMDhlZ2RFQUljRWhYCkZXWmE4bmhpbHZYTklWc2Z0OVVVTDZ4SndpRDA3djkxMlYrQUs1RzlNUlh4STFtdVhvUEYvNDFpcnN1cy80blkKM3BFQXJJWkczVjZkOUxFWm9LYzJBcEc0UjQ5ZERCRjA5ZmphQUdVTTJvSWsxZzVvZDQ0K1d1NHpWUUtCZ1FDaQplenFlZU5YM0VGU1FJd0pHZzRLekdkcllCdE1SanU2YXhWWGFtV1FTTXgrYlJwdDc2N2c3YWpqZXNzdjVJS2gxCmI5c0FuTHVUMEtpL2NXbTRaenJqKzJ3cHdJN2pSQVg5U1owOFhIMk1DS3VvaVlGVE8xL1FKN3dQTkNwekozU3UKYXFYNE1LVlBzelh2Q096SktsVnB6eitZS2tOZlhwNUF0dElSN2Y4Z2VRS0JnQzFsTkx2QVJzcEhYRm1URWEyRQpFcjE4ZWUyK3RCWlJGL3RodnBKdklMaFFBYTk4eTdUM3NwRWRDSXJ3V3VQKzMyQytoUjZIOGpMNTBmMUZ0N0gyCnZ1QVZKMVQyem5ReGRtSGVpT2tXWHZhaUtYajRYZW9HaEU4eGVNRUhlSGtnK1lwaCtwVkpUVFJTVjVrSFU2dDAKSTFEaEJEL2J4aDcxNS9DeWYrZWIzTzhiCi0tLS0tRU5EIFBSSVZBVEUgS0VZLS0tLS0K"
            },
            "data_wo": null,
            "data_wo_revision": null,
            "id": "aigen/aigen-tls-secret",
            "immutable": false,
            "metadata": [
              {
                "annotations": null,
                "generate_name": "",
                "generation": 0,
                "labels": null,
                "name": "aigen-tls-secret",
                "namespace": "aigen",
                "resource_version": "279",
                "uid": "3e8f8c04-0da9-4912-b5f3-af73c868187f"
              }
            ],
            "timeouts": null,
            "type": "kubernetes.io/tls",
            "wait_for_service_account_token": true
          },
          "sensitive_attributes": [
            [
              {
                "type": "get_attr",
                "value": "binary_data"
              }
            ],
            [
              {
                "type": "get_attr",
                "value": "data"
              }
            ]
          ],
          "identity_schema_version": 1,
          "identity": {
            "api_version": "v1",
            "kind": "Secret",
            "name": "aigen-tls-secret",
            "namespace": "aigen"
          },
          "private": "eyJlMmJmYjczMC1lY2FhLTExZTYtOGY4OC0zNDM2M2JjN2M0YzAiOnsiY3JlYXRlIjo2MDAwMDAwMDAwMH19",
          "dependencies": [
            "kubernetes_namespace_v1.aigen",
            "minikube_cluster.mycluster"
          ]
        }
      ]
    },
    {
      "mode": "managed",
      "type": "kubernetes_service_v1",
      "name": "postgres_service",
      "provider": "provider[\"registry.terraform.io/hashicorp/kubernetes\"]",
      "instances": [
        {
          "schema_version": 1,
          "attributes": {
            "id": "aigen/postgres-service",
            "metadata": [
              {
                "annotations": null,
                "generate_name": "",
                "generation": 0,
                "labels": {
                  "app": "postgres"
                },
                "name": "postgres-service",
                "namespace": "aigen",
                "resource_version": "277",
                "uid": "c38ca640-2ef1-4371-85c4-f0f05f63359b"
              }
            ],
            "spec": [
              {
                "allocate_load_balancer_node_ports": true,
                "cluster_ip": "None",
                "cluster_ips": [
                  "None"
                ],
                "external_ips": null,
                "external_name": "",
                "external_traffic_policy": "",
                "health_check_node_port": 0,
                "internal_traffic_policy": "Cluster",
                "ip_families": [
                  "IPv4"
                ],
                "ip_family_policy": "SingleStack",
                "load_balancer_class": "",
                "load_balancer_ip": "",
                "load_balancer_source_ranges": null,
                "port": [
                  {
                    "app_protocol": "",
                    "name": "postgres",
                    "node_port": 0,
                    "port": 5432,
                    "protocol": "TCP",
                    "target_port": "5432"
                  }
                ],
                "publish_not_ready_addresses": false,
                "selector": {
                  "app": "postgres"
                },
                "session_affinity": "None",
                "session_affinity_config": [],
                "type": "ClusterIP"
              }
            ],
            "status": [
              {
                "load_balancer": [
                  {
                    "ingress": []
                  }
                ]
              }
            ],
            "timeouts": null,
            "wait_for_load_balancer": true
          },
          "sensitive_attributes": [],
          "identity_schema_version": 1,
          "identity": {
            "api_version": "v1",
            "kind": "Service",
            "name": "postgres-service",
            "namespace": "aigen"
          },
          "private": "eyJlMmJmYjczMC1lY2FhLTExZTYtOGY4OC0zNDM2M2JjN2M0YzAiOnsiY3JlYXRlIjo2MDAwMDAwMDAwMDB9LCJzY2hlbWFfdmVyc2lvbiI6IjEifQ==",
          "dependencies": [
            "kubernetes_namespace_v1.aigen",
            "minikube_cluster.mycluster"
          ]
        }
      ]
    },
    {
      "mode": "managed",
      "type": "kubernetes_stateful_set_v1",
      "name": "postgres",
      "provider": "provider[\"registry.terraform.io/hashicorp/kubernetes\"]",
      "instances": [
        {
          "schema_version": 1,
          "attributes": {
            "id": "aigen/postgres",
            "metadata": [
              {
                "annotations": null,
                "generate_name": "",
                "generation": 1,
                "labels": {
                  "app": "postgres",
                  "environment": "dev"
                },
                "name": "postgres",
                "namespace": "aigen",
                "resource_version": "452",
                "uid": "b7836a42-d7cd-42ec-8623-7fc827341c41"
              }
            ],
            "spec": [
              {
                "min_ready_seconds": 0,
                "persistent_volume_claim_retention_policy": [
                  {
                    "when_deleted": "Retain",
                    "when_scaled": "Retain"
                  }
                ],
                "pod_management_policy": "OrderedReady",
                "replicas": "1",
                "revision_history_limit": 0,
                "selector": [
                  {
                    "match_expressions": [],
                    "match_labels": {
                      "app": "postgres"
                    }
                  }
                ],
                "service_name": "postgres-service",
                "template": [
                  {
                    "metadata": [
                      {
                        "annotations": null,
                        "generate_name": "",
                        "generation": 0,
                        "labels": {
                          "app": "postgres"
                        },
                        "name": "",
                        "namespace": "",
                        "resource_version": "",
                        "uid": ""
                      }
                    ],
                    "spec": [
                      {
                        "active_deadline_seconds": 0,
                        "affinity": [],
                        "automount_service_account_token": true,
                        "container": [
                          {
                            "args": null,
                            "command": null,
                            "env": [
                              {
                                "name": "POSTGRES_USER",
                                "value": "",
                                "value_from": [
                                  {
                                    "config_map_key_ref": [],
                                    "field_ref": [],
                                    "resource_field_ref": [],
                                    "secret_key_ref": [
                                      {
                                        "key": "POSTGRES_USER",
                                        "name": "postgres-secret",
                                        "optional": false
                                      }
                                    ]
                                  }
                                ]
                              },
                              {
                                "name": "POSTGRES_PASSWORD",
                                "value": "",
                                "value_from": [
                                  {
                                    "config_map_key_ref": [],
                                    "field_ref": [],
                                    "resource_field_ref": [],
                                    "secret_key_ref": [
                                      {
                                        "key": "POSTGRES_PASSWORD",
                                        "name": "postgres-secret",
                                        "optional": false
                                      }
                                    ]
                                  }
                                ]
                              },
                              {
                                "name": "POSTGRES_DB",
                                "value": "",
                                "value_from": [
                                  {
                                    "config_map_key_ref": [],
                                    "field_ref": [],
                                    "resource_field_ref": [],
                                    "secret_key_ref": [
                                      {
                                        "key": "POSTGRES_DB",
                                        "name": "postgres-secret",
                                        "optional": false
                                      }
                                    ]
                                  }
                                ]
                              }
                            ],
                            "env_from": [],
                            "image": "postgres:17-alpine",
                            "image_pull_policy": "IfNotPresent",
                            "lifecycle": [],
                            "liveness_probe": [],
                            "name": "postgres",
                            "port": [
                              {
                                "container_port": 5432,
                                "host_ip": "",
                                "host_port": 0,
                                "name": "",
                                "protocol": "TCP"
                              }
                            ],
                            "readiness_probe": [],
                            "resources": [
                              {
                                "limits": {},
                                "requests": {}
                              }
                            ],
                            "restart_policy": "",
                            "security_context": [],
                            "startup_probe": [],
                            "stdin": false,
                            "stdin_once": false,
                            "termination_message_path": "/dev/termination-log",
                            "termination_message_policy": "File",
                            "tty": false,
                            "volume_device": [],
                            "volume_mount": [
                              {
                                "mount_path": "/var/lib/postgresql/data",
                                "mount_propagation": "None",
                                "name": "postgres-storage",
                                "read_only": false,
                                "sub_path": "postgres",
                                "sub_path_expr": ""
                              }
                            ],
                            "working_dir": ""
                          }
                        ],
                        "dns_config": [],
                        "dns_policy": "ClusterFirst",
                        "enable_service_links": true,
                        "host_aliases": [],
                        "host_ipc": false,
                        "host_network": false,
                        "host_pid": false,
                        "hostname": "",
                        "image_pull_secrets": [],
                        "init_container": [],
                        "node_name": "",
                        "node_selector": null,
                        "os": [],
                        "priority_class_name": "",
                        "readiness_gate": [],
                        "restart_policy": "Always",
                        "runtime_class_name": "",
                        "scheduler_name": "default-scheduler",
                        "security_context": [],
                        "service_account_name": "",
                        "share_process_namespace": false,
                        "subdomain": "",
                        "termination_grace_period_seconds": 30,
                        "toleration": [],
                        "topology_spread_constraint": [],
                        "volume": [
                          {
                            "aws_elastic_block_store": [],
                            "azure_disk": [],
                            "azure_file": [],
                            "ceph_fs": [],
                            "cinder": [],
                            "config_map": [],
                            "csi": [],
                            "downward_api": [],
                            "empty_dir": [],
                            "ephemeral": [],
                            "fc": [],
                            "flex_volume": [],
                            "flocker": [],
                            "gce_persistent_disk": [],
                            "git_repo": [],
                            "glusterfs": [],
                            "host_path": [],
                            "iscsi": [],
                            "local": [],
                            "name": "postgres-storage",
                            "nfs": [],
                            "persistent_volume_claim": [
                              {
                                "claim_name": "postgres-pvc",
                                "read_only": false
                              }
                            ],
                            "photon_persistent_disk": [],
                            "projected": [],
                            "quobyte": [],
                            "rbd": [],
                            "secret": [],
                            "vsphere_volume": []
                          }
                        ]
                      }
                    ]
                  }
                ],
                "update_strategy": [],
                "volume_claim_template": []
              }
            ],
            "timeouts": null,
            "wait_for_rollout": true
          },
          "sensitive_attributes": [],
          "identity_schema_version": 1,
          "identity": {
            "api_version": "apps/v1",
            "kind": "StatefulSet",
            "name": "postgres",
            "namespace": "aigen"
          },
          "private": "eyJlMmJmYjczMC1lY2FhLTExZTYtOGY4OC0zNDM2M2JjN2M0YzAiOnsiY3JlYXRlIjo2MDAwMDAwMDAwMDAsImRlbGV0ZSI6NjAwMDAwMDAwMDAwLCJyZWFkIjo2MDAwMDAwMDAwMDAsInVwZGF0ZSI6NjAwMDAwMDAwMDAwfSwic2NoZW1hX3ZlcnNpb24iOiIxIn0=",
          "dependencies": [
            "kubernetes_namespace_v1.aigen",
            "kubernetes_persistent_volume_claim_v1.postgres_pvc",
            "kubernetes_secret_v1.postgres_secret",
            "kubernetes_service_v1.postgres_service",
            "minikube_cluster.mycluster"
          ]
        }
      ]
    },
    {
      "mode": "managed",
      "type": "minikube_cluster",
      "name": "mycluster",
      "provider": "provider[\"registry.terraform.io/scott-the-programmer/minikube\"]",
      "instances": [
        {
          "schema_version": 0,
          "attributes": {
            "addons": [
              "default-storageclass",
              "storage-provisioner"
            ],
            "apiserver_ips": null,
            "apiserver_name": "minikubeCA",
            "apiserver_names": [],
            "apiserver_port": 8443,
            "auto_pause_interval": 1,
            "auto_update_drivers": true,
            "base_image": "gcr.io/k8s-minikube/kicbase:v0.0.48@sha256:7171c97a51623558720f8e5878e4f4637da093e2f2ed589997bedc6c1549b2b1",
            "binary_mirror": null,
            "cache_images": true,
            "cert_expiration": 1576800,
            "client_certificate": "-----BEGIN CERTIFICATE-----\nMIIDITCCAgmgAwIBAgIBAjANBgkqhkiG9w0BAQsFADAVMRMwEQYDVQQDEwptaW5p\na3ViZUNBMB4XDTI2MDExNTIxNDkxNFoXDTI5MDExNTIxNDkxNFowMTEXMBUGA1UE\nChMOc3lzdGVtOm1hc3RlcnMxFjAUBgNVBAMTDW1pbmlrdWJlLXVzZXIwggEiMA0G\nCSqGSIb3DQEBAQUAA4IBDwAwggEKAoIBAQDMcyM25HooE3TAev+gRY03OU2cOBiz\nYXEGGvFGsCm2GLFp7Yk+H8GJ476ZITD1BrE/PVRpo32nFcg2uUaUe4Nj1Ezfu58M\nVsGiFpPo2rB9kznyazeCTGYXpzX23s/FCkXvOsuzG7Ig5E0RSkd6yErRmmmOWBOq\nkoW5RWNjMtEdehQxMrAu8FL3l0a+d/NOEMR4ot1HsApHvAlWJB3z3pl9DQypDQtR\npsbGT2McIRLQhBOPep5K3F9dXpIvvAiAQcil/rHLQI8kJKljbkcHv6hiB2gD7Ptq\nHjo+SKxoYD1CaRujvQ6BYvOPGqX9ZFReKGISJW/PbXYinuH5t0Lgk8phAgMBAAGj\nYDBeMA4GA1UdDwEB/wQEAwIFoDAdBgNVHSUEFjAUBggrBgEFBQcDAQYIKwYBBQUH\nAwIwDAYDVR0TAQH/BAIwADAfBgNVHSMEGDAWgBRmwG6OMHEQ/YRpxBs5+QNzcLdo\nmTANBgkqhkiG9w0BAQsFAAOCAQEAMVcQAKQshsVXLKfLRk6G49HwJdUEJ8ngf0Y6\neRpLiqmRf95MVbhbOxO0AnHSlhtwpmRpdeQv0fjQUYybd3Lx8JaqltcdW0b2RDbY\n2hSsrNtoj9ETdJfq3nrTC4rkyTd4Ro4yZclLMQPC4lA0F6tRWDcxUrI2WiRXXBEa\n7Ztbpd+c4tJvAf1LgB6aPtOjPopjzTeIhM1Y/hB6AH7WoxeuWgjcKz7OXaxOMoST\nSflkGcls0YhOJv3K3QMMjNzxZ/vkRYzarbZVcSIBQiWmhO4taa7a532TDw6qoVCe\nMqU9+W5SL9ZTfDuqNIafZJSUFuK0c1lLNa5h0qnQE+69d5cYrA==\n-----END CERTIFICATE-----\n",
            "client_key": "-----BEGIN RSA PRIVATE KEY-----\nMIIEpAIBAAKCAQEAzHMjNuR6KBN0wHr/oEWNNzlNnDgYs2FxBhrxRrApthixae2J\nPh/BieO+mSEw9QaxPz1UaaN9pxXINrlGlHuDY9RM37ufDFbBohaT6NqwfZM58ms3\ngkxmF6c19t7PxQpF7zrLsxuyIORNEUpHeshK0ZppjlgTqpKFuUVjYzLRHXoUMTKw\nLvBS95dGvnfzThDEeKLdR7AKR7wJViQd896ZfQ0MqQ0LUabGxk9jHCES0IQTj3qe\nStxfXV6SL7wIgEHIpf6xy0CPJCSpY25HB7+oYgdoA+z7ah46PkisaGA9Qmkbo70O\ngWLzjxql/WRUXihiEiVvz212Ip7h+bdC4JPKYQIDAQABAoIBABx0aOIGrha+UHlK\nlSHYFEWrmMjliNCMfwfHv61kLsX8jVKuH/QQxOW9WAVleHQdzJT94u359m7HChDN\nvAxF3X1LKrDX4tS7jWMTC950c2xizYWXFQhyPCJOICVeEOI+Ygnf78JbmDDaPXyq\nzySAVGN0P30zdnc+wdRNmz3O8IpOt9XnWek/TrS8wJ/HjYfXZxl4eGigsB1dIdoi\nnq90Rxal+hyfwXZ1kSidHMfSLKdmBqx1Ufv754iQR86DYDiZsXLQf4dJJi7Tg3rU\n+voyEdzmhxkogmCnwVxqsm8txVARQ1aM6PUN5RyN8zDy59e+xSmrBLE07LQoUYRS\nYoT5jl0CgYEA8Jk0sC29guEeEX1wcp5QHRexBfpRVwsRnpKC8oFiDTwn6J8f81ha\nnHdP4ihnvZJYeKCcsMuzLLev0+Wa5s7ziDvxIR7js/F53/lMtTlh7w8BhZDeIRMd\n2gXN4w6UMEqMDKVP1sJgTWKf3EYNk8Kwi+pwrl14dem4YW9F09H8rK0CgYEA2YmL\n/FpxerANt8aMxiHzBUAFW4bnNwj16M8/8/cLeXVJO2ayM3c8wOhNgpFWtWcvKRxK\n3J0BbWerEf04+XI3CEnVl1vw0NeWHUYqTbSLNCoZLFX6cM5LLd8vWv2NI+Vb0NbV\nBVcK87yJDYNiqIlDkMp4vypbRu7eKVlLcYfgdwUCgYEA3NFv9wZz+YwNYbYEH15H\nXvwgf8EHKGFDUYtcXZ/70vPUGP76fwgnWZVznrjAxc9sHYIjbWv3TWJlIJCJw65K\n+00weNp11/AXkEWpbmZ1CMh3+BNGm4qFClXraao2vb+dm/mZNhz97+hFmhA9Y9D6\n4d9QfefRqD7S97H9n3QJeJ0CgYAoVF3FfScIrdb9OSwkF2ssj//uRgZbp6efb7zV\nh/lynRHkl1d2PybeRLMJ/9PpcaXGo14lpF39YHjQrvd/F3Oob7fPhdYRgcZsyvNQ\n0KX2F8/u7kmt3DEH4havcc5W11C8WPfJM6fuJAfsn20M/dWu5DqahknBzssVM17P\nP3eX2QKBgQDpCf2tDeijsnh2L4qLCpr0+Mqeqxg2oBXlYaI6j8nh7SLFfzwpahAw\nEf6Y/QLs1Js2C9XRIF3S/vxrK7y3Lii0Mbu4IG1nXnLbjg9ePVwiSSN5PcGkzWKf\n8B/nnrWP6K9HXjnlVOAuUhq0d8mypQ1zD00l537xBKLmZ4wWoBe8EQ==\n-----END RSA PRIVATE KEY-----\n",
            "cluster_ca_certificate": "-----BEGIN CERTIFICATE-----\nMIIDBjCCAe6gAwIBAgIBATANBgkqhkiG9w0BAQsFADAVMRMwEQYDVQQDEwptaW5p\na3ViZUNBMB4XDTI2MDExNTIxNDUyM1oXDTM2MDExNDIxNDUyM1owFTETMBEGA1UE\nAxMKbWluaWt1YmVDQTCCASIwDQYJKoZIhvcNAQEBBQADggEPADCCAQoCggEBANDo\nYSsJHudbucH4keP4X/L+KP6BVX+zAe0ADxah+vKlaZViXGBoR9gnpoL63ddQlGLb\ndQcDji1qqTCIVkpsFwWCEMk7pbnFfXD7m1szq0NqUVpvB7ABFowBrZ86pki66UiF\nrEvG4dLkoNKm4snRHWksxwSrMoHytskfvthqTfjl9s6QRuiH2H93zZfNtimw1nlu\nm0pU/5cVjXdVJEPhGB6Hde3BABcy9bDRfHfLdT7MKZdncB6c+C2bE4pAPEGInlmF\n23iZx0wIU04ZNymCcZTZ/HFSYDhgWEpBWVagudioB+/a8upheosdD+i7xZFkoE6F\nj4szdrz4VJ5ingtKzgcCAwEAAaNhMF8wDgYDVR0PAQH/BAQDAgKkMB0GA1UdJQQW\nMBQGCCsGAQUFBwMCBggrBgEFBQcDATAPBgNVHRMBAf8EBTADAQH/MB0GA1UdDgQW\nBBRmwG6OMHEQ/YRpxBs5+QNzcLdomTANBgkqhkiG9w0BAQsFAAOCAQEAoqj/gbkd\nefnY+PzBleRKrwZguLxLtCwXDN+ZTnYeQnJd5IeZvW9YoBvg9ACevAKNsv8ak129\nh4zrw1zd83/mslhx1hFdmKvxQkhmYaPxtGMkE9nocj4BGtr8CyD0ltf6Jl4mLjUu\nEHayXdpDVTLWErMNqb4b5RXlQgJTL28r/aD2rtXjSz0HmPjIzW7xvcu3CmsYA7xE\nFEsxyta/OaSymb0fgivgB2jwqRBjjpCi6n3B00hQisplME6lowLbqSEe8ZydX4hy\nfggIpxEEO5ATlIWk+F+WbJydq9LOm+/33c1wF2QfnWCfNDY8vaFVPWTQpBLvvRnK\nw7mLvk99D5e74w==\n-----END CERTIFICATE-----\n",
            "cluster_name": "netflix",
            "cni": "",
            "container_runtime": "docker",
            "cpus": "2",
            "cri_socket": "",
            "delete_on_failure": false,
            "disable_coredns_log": false,
            "disable_driver_mounts": false,
            "disable_metrics": false,
            "disable_optimizations": false,
            "disk_size": "20000mb",
            "dns_domain": "cluster.local",
            "dns_proxy": false,
            "docker_env": null,
            "docker_opt": null,
            "download_only": false,
            "driver": "docker",
            "dry_run": false,
            "embed_certs": false,
            "extra_config": null,
            "extra_disks": 0,
            "feature_gates": "",
            "force": false,
            "force_systemd": false,
            "gpus": null,
            "ha": false,
            "host": "https://192.168.49.2:32771",
            "host_dns_resolver": true,
            "host_only_cidr": "192.168.59.1/24",
            "host_only_nic_type": "virtio",
            "hyperkit_vpnkit_sock": "",
            "hyperkit_vsock_ports": [],
            "hyperv_external_adapter": "",
            "hyperv_use_external_switch": false,
            "hyperv_virtual_switch": "",
            "id": "netflix",
            "image_mirror_country": null,
            "image_repository": "",
            "insecure_registry": [],
            "install_addons": true,
            "interactive": true,
            "iso_url": [
              "https://github.com/kubernetes/minikube/releases/download/v1.37.0/minikube-v1.37.0-amd64.iso"
            ],
            "keep_context": false,
            "kubernetes_version": null,
            "kvm_gpu": false,
            "kvm_hidden": false,
            "kvm_network": "default",
            "kvm_numa_count": 1,
            "kvm_qemu_uri": "qemu:///system",
            "listen_address": "",
            "memory": "4096mb",
            "mount": false,
            "mount_9p_version": "9p2000.L",
            "mount_gid": "docker",
            "mount_ip": null,
            "mount_msize": 262144,
            "mount_options": null,
            "mount_port": 0,
            "mount_string": "/home:/minikube-host",
            "mount_type": "9p",
            "mount_uid": "docker",
            "namespace": "default",
            "nat_nic_type": "virtio",
            "native_ssh": true,
            "network": "",
            "nfs_share": [],
            "nfs_shares_root": "/nfsshares",
            "no_kubernetes": false,
            "no_vtx_check": false,
            "nodes": 1,
            "output": "text",
            "ports": [],
            "preload": true,
            "qemu_firmware_path": null,
            "registry_mirror": [],
            "service_cluster_ip_range": "10.96.0.0/12",
            "socket_vmnet_client_path": "/usr/local/opt/socket_vmnet/bin/socket_vmnet_client",
            "socket_vmnet_path": "/usr/local/var/run/socket_vmnet",
            "ssh_ip_address": "",
            "ssh_key": "",
            "ssh_port": 22,
            "ssh_user": "root",
            "static_ip": null,
            "subnet": null,
            "trace": null,
            "uuid": "",
            "vm": false,
            "wait": null,
            "wait_timeout": 6
          },
          "sensitive_attributes": [
            [
              {
                "type": "get_attr",
                "value": "client_certificate"
              }
            ],
            [
              {
                "type": "get_attr",
                "value": "client_key"
              }
            ],
            [
              {
                "type": "get_attr",
                "value": "cluster_ca_certificate"
              }
            ]
          ],
          "identity_schema_version": 0,
          "private": "bnVsbA=="
        }
      ]
    }
  ],
  "check_results": null
}
