{
  "version": 4,
  "terraform_version": "1.14.3",
  "serial": 3,
  "lineage": "ec027548-48eb-7372-458c-02610a5afed1",
  "outputs": {},
  "resources": [
    {
      "mode": "managed",
      "type": "kubernetes_namespace_v1",
      "name": "app",
      "provider": "provider[\"registry.terraform.io/hashicorp/kubernetes\"]",
      "instances": [
        {
          "schema_version": 0,
          "attributes": {
            "id": "app",
            "metadata": [
              {
                "annotations": null,
                "generate_name": "",
                "generation": 0,
                "labels": null,
                "name": "app",
                "resource_version": "487",
                "uid": "efc372ac-5e93-42df-bb9d-e761ee8a20ec"
              }
            ],
            "timeouts": null,
            "wait_for_default_service_account": false
          },
          "sensitive_attributes": [],
          "identity_schema_version": 1,
          "identity": {
            "api_version": "v1",
            "kind": "Namespace",
            "name": "app"
          },
          "private": "eyJlMmJmYjczMC1lY2FhLTExZTYtOGY4OC0zNDM2M2JjN2M0YzAiOnsiZGVsZXRlIjozMDAwMDAwMDAwMDB9fQ==",
          "dependencies": [
            "minikube_cluster.mycluster"
          ]
        }
      ]
    },
    {
      "mode": "managed",
      "type": "minikube_cluster",
      "name": "mycluster",
      "provider": "provider[\"registry.terraform.io/scott-the-programmer/minikube\"]",
      "instances": [
        {
          "schema_version": 0,
          "attributes": {
            "addons": null,
            "apiserver_ips": null,
            "apiserver_name": "minikubeCA",
            "apiserver_names": [],
            "apiserver_port": 8443,
            "auto_pause_interval": 1,
            "auto_update_drivers": true,
            "base_image": "gcr.io/k8s-minikube/kicbase:v0.0.48@sha256:7171c97a51623558720f8e5878e4f4637da093e2f2ed589997bedc6c1549b2b1",
            "binary_mirror": null,
            "cache_images": true,
            "cert_expiration": 1576800,
            "client_certificate": "-----BEGIN CERTIFICATE-----\nMIIDITCCAgmgAwIBAgIBAjANBgkqhkiG9w0BAQsFADAVMRMwEQYDVQQDEwptaW5p\na3ViZUNBMB4XDTI2MDExMzE5NTUwN1oXDTI5MDExMzE5NTUwN1owMTEXMBUGA1UE\nChMOc3lzdGVtOm1hc3RlcnMxFjAUBgNVBAMTDW1pbmlrdWJlLXVzZXIwggEiMA0G\nCSqGSIb3DQEBAQUAA4IBDwAwggEKAoIBAQCeuoWuklVknjerQPjoNcpqEfDslPEm\n2VnuHadui7GLWHN6x6EdKtBCe9+MP2eif5Z/LrhhgRmMMhfW1bRs04Pox3iI1Jkn\ny8ABRyOmZDs1gZy/VIXFZDzgsXUGZoe3016hjdEnPkKDsj0XX3B/X76xE5Z1ULKH\nNsrG26pGKFp/2KtWzg1tvujKWlOH75R+Uqp2a+Jud384jio/hM1TD+gTP5WLhDc6\nB+E8w2dSgCkcHcQ3ro//mgdrt+Ao+B/z4fGScUhKC52xkMpHwLkp9v3dG1qu4v+q\nLOBdCPScTllzT4LaaXsuml0sHXZCLADk6wRfvO4gRQxgtRLrDoNHcs5zAgMBAAGj\nYDBeMA4GA1UdDwEB/wQEAwIFoDAdBgNVHSUEFjAUBggrBgEFBQcDAQYIKwYBBQUH\nAwIwDAYDVR0TAQH/BAIwADAfBgNVHSMEGDAWgBS6kZ9iLtyiWsQcjM7YbjDDhIH0\ncDANBgkqhkiG9w0BAQsFAAOCAQEAdn6JKFkU84lqjD8wMH14Elqp9QBjD6eMV5FK\nHX5I1NKMET5BTyXTte9vXOC9VJBLxiB+7O2rP5CF+2/C3psZlPUk33Bywet46VYh\neu4Ve3WGzT9wV7EBFL3d4PlfjoTCm+0B4a8fAM/Q+5tjBTi758MRrwvaBwGGXPvJ\n3AOvpBIHMxW9ZQG7UckhHm+ptg2eDACUqJQJTdNfAnZldg5K1Fmn4f4WcLR6a9dy\n33oDX1reiFGKjlYype7yBmEVKY9nYzc9gJiBHkhnyUzQJKhj3RBS+kO9oTKPauAu\nHzzQ6OFjWDyzuOrboIrq0z2QpEpPGadG88GSSLEBN8tD0MlP8g==\n-----END CERTIFICATE-----\n",
            "client_key": "-----BEGIN RSA PRIVATE KEY-----\nMIIEpAIBAAKCAQEAnrqFrpJVZJ43q0D46DXKahHw7JTxJtlZ7h2nbouxi1hzeseh\nHSrQQnvfjD9non+Wfy64YYEZjDIX1tW0bNOD6Md4iNSZJ8vAAUcjpmQ7NYGcv1SF\nxWQ84LF1BmaHt9NeoY3RJz5Cg7I9F19wf1++sROWdVCyhzbKxtuqRihaf9irVs4N\nbb7oylpTh++UflKqdmvibnd/OI4qP4TNUw/oEz+Vi4Q3OgfhPMNnUoApHB3EN66P\n/5oHa7fgKPgf8+HxknFISgudsZDKR8C5Kfb93RtaruL/qizgXQj0nE5Zc0+C2ml7\nLppdLB12QiwA5OsEX7zuIEUMYLUS6w6DR3LOcwIDAQABAoIBAAYOXtBg0/JBWSVn\nFrghaUYvxg34xtSxIU3FAuDkYpNK/ij2me6Xdhe7SzW6K5WXIaJboXxS5SsktCUl\nxTsLvPIyPiaWWfubOgmycalFFL8/YUAplOsJnosCKlFisxXv8iHe29aP+RC2Sb9t\nDElH2Wo/MZPrTsx66jS5J9+CZaWQCuLRCvSD8cay2cvzOVsbBzkbOP62N56oWI+P\nCDo7pdFKnBAiSDvOVJT83HEEGRdpUR74bhkEsV09D8E3brVTDulgot1Wl9qTsmw4\newmcOwaPyzrikJ3FuyYtTKZAgOyMgSHF1NPF2scu26jSju2QzCogO1x8L/2gLL2z\n8iCshT0CgYEAzbZRbKo5hPe1QvQPzljbMaabeuHlx6ePJRx2494J20cg2Z6eQY0C\nmqWGLiL8hvmGo7woCQ0vDfiqL8zt55FGPf7+CHHwOoLL5vuxKFUihZTO/EzEWChj\niJdprirs/mOzjSB2bNtJkX0vqMaC5ABWcJ0BZ/M+axuJywaKFqthWvUCgYEAxYfs\nS9V/uq1dmrU/apXXD41F3+cnQnT/tuCm1nBGmFjMBr1o98P/jdB5onG/7INMFFI1\nyz1HW72lAavtj8p/AtMF4h5K3zK0nAylhntSo4IB9cjGtc46evLhEmCtQIoP/RG+\nXxecFy8yT4mqD1CebulxTN9QmgU3UvZP68C0cscCgYBgnH6TNUL8UsW7YxpFQ+/1\n2pRs2sjqwqP0vvCLRg2FAVvJOLiEerA9Zv2kj2PgFDKKlWSME7gErMNo3arhtZWy\nqh4uYyx6nlEa8xwZoBoteFzZm0gfSyCr1siYNqrFMpfx8MwNhdOAU7XdYxW39Pyj\nuOkfI9stvGozgqe5y9VWPQKBgQC9fhVK8ndkB+gh//nkL/Zt7uK3VrKs6Dxfncev\nM2olwBmJ5a6K8TV5QCNPmLu7EoGrhOoiHJkWAyoGHn75UBLkDLg6IUFGOQhWIzOv\nfSLbxF5JAODPjBVB2TndPW022rtX1OvBoY6WFyq2bqP7qSUz1TJhwmE6QALAzZYB\n3Y2+BQKBgQCGOh/iqYwIOzmVeu1+yJaUXHuRFW7DMoIM5qXO2cMZU3igGxo/bJYB\n8+tMFq7VCYm0gPcn3sIKhc6WUOCdHQsrUbhNoQvGrXBF2pCIZDVCOw2y+ji9XaS9\nvaQW4FdAutRsVmR7UwM02mTg1/52nV2u97PGiAuqKjwT879moKsFTQ==\n-----END RSA PRIVATE KEY-----\n",
            "cluster_ca_certificate": "-----BEGIN CERTIFICATE-----\nMIIDBjCCAe6gAwIBAgIBATANBgkqhkiG9w0BAQsFADAVMRMwEQYDVQQDEwptaW5p\na3ViZUNBMB4XDTI2MDEwNDIwNDUxNVoXDTM2MDEwMzIwNDUxNVowFTETMBEGA1UE\nAxMKbWluaWt1YmVDQTCCASIwDQYJKoZIhvcNAQEBBQADggEPADCCAQoCggEBAJ+7\nlS/sm7ByvbmRY+c0dp+Y/HuZee839iYMNk5GCic2akD/s0ewhfhMPpTCQOtG2HeN\nWdcUkrtg5kNhahntXuC1SS82nzEzGaZbo4CSlFeg9YoWUtrxr1WuGXsqC9CBOZx5\n1Ya+hT8p9oMvmqT6/KFAxOJg4Hok6iytBOMv+wlJdVR6RiuEqSFp0tlm6SZMxBYv\n8EspGjNEDjCLdzh9gmTOM+0SiNEUratN0c7vu+XgDSwpUrpFbUTzlINrJdOoJm7L\nGezLCShdyp/vSY+GXnW0LkMRStmJfN1e53m2VtJYB++8H9i1/igzEzdbnuETzXMd\nO2TNehN8ni0xZ90acPECAwEAAaNhMF8wDgYDVR0PAQH/BAQDAgKkMB0GA1UdJQQW\nMBQGCCsGAQUFBwMCBggrBgEFBQcDATAPBgNVHRMBAf8EBTADAQH/MB0GA1UdDgQW\nBBS6kZ9iLtyiWsQcjM7YbjDDhIH0cDANBgkqhkiG9w0BAQsFAAOCAQEAdHYSu7fk\nBD3cxjdQo8bxe+hJcjzqXGGuOEBhE3P4UiXyxpa3dfp/qfVRZpitORABRH6sFjIa\ndu42ERCM43DN8LCEAenZ3FZwTTC9HwE7Fa7Jz13mIa2u6B66yGgBsAarUESCiosF\n894TNTmN0Az4hFxVzNq/PjuecLKRuVsWskpX3H7DYTB+K9wm+ZRvaYwuh75gAjUz\n7aNp2GyLJgzEtkfY5wSLBFogMtBAm6vzWhlE90ie4Dz/+r959ru0CInthrOY5mTW\nzVmXLgPMBobqJdMmdXV5TG26c16asThBVWrNH2Q42UraQPUfWG6i1fzGI2SEenO0\n3CM8G3R+a3ZugQ==\n-----END CERTIFICATE-----\n",
            "cluster_name": "netflix",
            "cni": "",
            "container_runtime": "docker",
            "cpus": "2",
            "cri_socket": "",
            "delete_on_failure": false,
            "disable_coredns_log": false,
            "disable_driver_mounts": false,
            "disable_metrics": false,
            "disable_optimizations": false,
            "disk_size": "20000mb",
            "dns_domain": "cluster.local",
            "dns_proxy": false,
            "docker_env": null,
            "docker_opt": null,
            "download_only": false,
            "driver": "docker",
            "dry_run": false,
            "embed_certs": false,
            "extra_config": null,
            "extra_disks": 0,
            "feature_gates": "",
            "force": false,
            "force_systemd": false,
            "gpus": null,
            "ha": false,
            "host": "https://192.168.49.2:8443",
            "host_dns_resolver": true,
            "host_only_cidr": "192.168.59.1/24",
            "host_only_nic_type": "virtio",
            "hyperkit_vpnkit_sock": "",
            "hyperkit_vsock_ports": [],
            "hyperv_external_adapter": "",
            "hyperv_use_external_switch": false,
            "hyperv_virtual_switch": "",
            "id": "netflix",
            "image_mirror_country": null,
            "image_repository": "",
            "insecure_registry": [],
            "install_addons": true,
            "interactive": true,
            "iso_url": [
              "https://github.com/kubernetes/minikube/releases/download/v1.37.0/minikube-v1.37.0-amd64.iso"
            ],
            "keep_context": false,
            "kubernetes_version": null,
            "kvm_gpu": false,
            "kvm_hidden": false,
            "kvm_network": "default",
            "kvm_numa_count": 1,
            "kvm_qemu_uri": "qemu:///system",
            "listen_address": "",
            "memory": "4096mb",
            "mount": false,
            "mount_9p_version": "9p2000.L",
            "mount_gid": "docker",
            "mount_ip": null,
            "mount_msize": 262144,
            "mount_options": null,
            "mount_port": 0,
            "mount_string": "/home:/minikube-host",
            "mount_type": "9p",
            "mount_uid": "docker",
            "namespace": "default",
            "nat_nic_type": "virtio",
            "native_ssh": true,
            "network": "",
            "nfs_share": [],
            "nfs_shares_root": "/nfsshares",
            "no_kubernetes": false,
            "no_vtx_check": false,
            "nodes": 3,
            "output": "text",
            "ports": [],
            "preload": true,
            "qemu_firmware_path": null,
            "registry_mirror": [],
            "service_cluster_ip_range": "10.96.0.0/12",
            "socket_vmnet_client_path": "/usr/local/opt/socket_vmnet/bin/socket_vmnet_client",
            "socket_vmnet_path": "/usr/local/var/run/socket_vmnet",
            "ssh_ip_address": "",
            "ssh_key": "",
            "ssh_port": 22,
            "ssh_user": "root",
            "static_ip": null,
            "subnet": null,
            "trace": null,
            "uuid": "",
            "vm": false,
            "wait": null,
            "wait_timeout": 6
          },
          "sensitive_attributes": [
            [
              {
                "type": "get_attr",
                "value": "client_certificate"
              }
            ],
            [
              {
                "type": "get_attr",
                "value": "client_key"
              }
            ],
            [
              {
                "type": "get_attr",
                "value": "cluster_ca_certificate"
              }
            ]
          ],
          "identity_schema_version": 0,
          "private": "bnVsbA=="
        }
      ]
    }
  ],
  "check_results": null
}
